// !$*UTF8*$!
{
	archiveVersion = 1;
	classes = {
	};
	objectVersion = 46;
	objects = {

/* Begin PBXBuildFile section */
		17108328E896730294B7F753 /* Pods.framework in Frameworks */ = {isa = PBXBuildFile; fileRef = A73BD4259F04FBBDF1360112 /* Pods.framework */; settings = {ATTRIBUTES = (Weak, ); }; };
		73365C1C1B82AAC900ADEF1E /* TapView.swift in Sources */ = {isa = PBXBuildFile; fileRef = 73365C1B1B82AAC900ADEF1E /* TapView.swift */; };
		73A706941B82568D005312BE /* AppDelegate.swift in Sources */ = {isa = PBXBuildFile; fileRef = 73A706931B82568D005312BE /* AppDelegate.swift */; };
		73A706961B82568D005312BE /* ViewController.swift in Sources */ = {isa = PBXBuildFile; fileRef = 73A706951B82568D005312BE /* ViewController.swift */; };
		73A706991B82568D005312BE /* Main.storyboard in Resources */ = {isa = PBXBuildFile; fileRef = 73A706971B82568D005312BE /* Main.storyboard */; };
		73A7069B1B82568D005312BE /* Images.xcassets in Resources */ = {isa = PBXBuildFile; fileRef = 73A7069A1B82568D005312BE /* Images.xcassets */; };
		73A7069E1B82568D005312BE /* LaunchScreen.xib in Resources */ = {isa = PBXBuildFile; fileRef = 73A7069C1B82568D005312BE /* LaunchScreen.xib */; };
		73A706AA1B82568D005312BE /* Hex_DeckTests.swift in Sources */ = {isa = PBXBuildFile; fileRef = 73A706A91B82568D005312BE /* Hex_DeckTests.swift */; };
		73A706B41B825694005312BE /* GameKit.framework in Frameworks */ = {isa = PBXBuildFile; fileRef = 73A706B31B825694005312BE /* GameKit.framework */; };
		73A706B91B8259CC005312BE /* GameDelegate.swift in Sources */ = {isa = PBXBuildFile; fileRef = 73A706B81B8259CC005312BE /* GameDelegate.swift */; };
		73A706BB1B826EA9005312BE /* HexGame.swift in Sources */ = {isa = PBXBuildFile; fileRef = 73A706BA1B826EA9005312BE /* HexGame.swift */; };
		73A706BE1B827483005312BE /* CardView.swift in Sources */ = {isa = PBXBuildFile; fileRef = 73A706BD1B827483005312BE /* CardView.swift */; };
		73A706C31B82785A005312BE /* CardStackView.swift in Sources */ = {isa = PBXBuildFile; fileRef = 73A706C21B82785A005312BE /* CardStackView.swift */; };
		73A706C51B828346005312BE /* ColorCardView.xib in Resources */ = {isa = PBXBuildFile; fileRef = 73A706C41B828346005312BE /* ColorCardView.xib */; };
		73A706C71B828425005312BE /* ColorCardView.swift in Sources */ = {isa = PBXBuildFile; fileRef = 73A706C61B828425005312BE /* ColorCardView.swift */; };
		73A706CA1B829544005312BE /* Hex.swift in Sources */ = {isa = PBXBuildFile; fileRef = 73A706C91B829544005312BE /* Hex.swift */; };
		73A706CD1B82994F005312BE /* Arvo-Regular.ttf in Resources */ = {isa = PBXBuildFile; fileRef = 73A706CC1B82994F005312BE /* Arvo-Regular.ttf */; };
/* End PBXBuildFile section */

/* Begin PBXContainerItemProxy section */
		73A706A41B82568D005312BE /* PBXContainerItemProxy */ = {
			isa = PBXContainerItemProxy;
			containerPortal = 73A706861B82568D005312BE /* Project object */;
			proxyType = 1;
			remoteGlobalIDString = 73A7068D1B82568D005312BE;
			remoteInfo = "Hex Deck";
		};
/* End PBXContainerItemProxy section */

/* Begin PBXFileReference section */
		6FBDB886C2058C762E072F29 /* Pods.debug.xcconfig */ = {isa = PBXFileReference; includeInIndex = 1; lastKnownFileType = text.xcconfig; name = Pods.debug.xcconfig; path = "Pods/Target Support Files/Pods/Pods.debug.xcconfig"; sourceTree = "<group>"; };
		73365C1B1B82AAC900ADEF1E /* TapView.swift */ = {isa = PBXFileReference; fileEncoding = 4; lastKnownFileType = sourcecode.swift; path = TapView.swift; sourceTree = "<group>"; };
		73A7068E1B82568D005312BE /* Hex Deck.app */ = {isa = PBXFileReference; explicitFileType = wrapper.application; includeInIndex = 0; path = "Hex Deck.app"; sourceTree = BUILT_PRODUCTS_DIR; };
		73A706921B82568D005312BE /* Info.plist */ = {isa = PBXFileReference; lastKnownFileType = text.plist.xml; path = Info.plist; sourceTree = "<group>"; };
		73A706931B82568D005312BE /* AppDelegate.swift */ = {isa = PBXFileReference; lastKnownFileType = sourcecode.swift; path = AppDelegate.swift; sourceTree = "<group>"; };
		73A706951B82568D005312BE /* ViewController.swift */ = {isa = PBXFileReference; lastKnownFileType = sourcecode.swift; path = ViewController.swift; sourceTree = "<group>"; };
		73A706981B82568D005312BE /* Base */ = {isa = PBXFileReference; lastKnownFileType = file.storyboard; name = Base; path = Base.lproj/Main.storyboard; sourceTree = "<group>"; };
		73A7069A1B82568D005312BE /* Images.xcassets */ = {isa = PBXFileReference; lastKnownFileType = folder.assetcatalog; path = Images.xcassets; sourceTree = "<group>"; };
		73A7069D1B82568D005312BE /* Base */ = {isa = PBXFileReference; lastKnownFileType = file.xib; name = Base; path = Base.lproj/LaunchScreen.xib; sourceTree = "<group>"; };
		73A706A31B82568D005312BE /* Hex DeckTests.xctest */ = {isa = PBXFileReference; explicitFileType = wrapper.cfbundle; includeInIndex = 0; path = "Hex DeckTests.xctest"; sourceTree = BUILT_PRODUCTS_DIR; };
		73A706A81B82568D005312BE /* Info.plist */ = {isa = PBXFileReference; lastKnownFileType = text.plist.xml; path = Info.plist; sourceTree = "<group>"; };
		73A706A91B82568D005312BE /* Hex_DeckTests.swift */ = {isa = PBXFileReference; lastKnownFileType = sourcecode.swift; path = Hex_DeckTests.swift; sourceTree = "<group>"; };
		73A706B31B825694005312BE /* GameKit.framework */ = {isa = PBXFileReference; lastKnownFileType = wrapper.framework; name = GameKit.framework; path = System/Library/Frameworks/GameKit.framework; sourceTree = SDKROOT; };
		73A706B81B8259CC005312BE /* GameDelegate.swift */ = {isa = PBXFileReference; fileEncoding = 4; lastKnownFileType = sourcecode.swift; path = GameDelegate.swift; sourceTree = "<group>"; };
		73A706BA1B826EA9005312BE /* HexGame.swift */ = {isa = PBXFileReference; fileEncoding = 4; lastKnownFileType = sourcecode.swift; path = HexGame.swift; sourceTree = "<group>"; };
		73A706BD1B827483005312BE /* CardView.swift */ = {isa = PBXFileReference; fileEncoding = 4; lastKnownFileType = sourcecode.swift; path = CardView.swift; sourceTree = "<group>"; };
		73A706C21B82785A005312BE /* CardStackView.swift */ = {isa = PBXFileReference; fileEncoding = 4; lastKnownFileType = sourcecode.swift; path = CardStackView.swift; sourceTree = "<group>"; };
		73A706C41B828346005312BE /* ColorCardView.xib */ = {isa = PBXFileReference; fileEncoding = 4; lastKnownFileType = file.xib; path = ColorCardView.xib; sourceTree = "<group>"; };
		73A706C61B828425005312BE /* ColorCardView.swift */ = {isa = PBXFileReference; fileEncoding = 4; lastKnownFileType = sourcecode.swift; path = ColorCardView.swift; sourceTree = "<group>"; };
		73A706C91B829544005312BE /* Hex.swift */ = {isa = PBXFileReference; fileEncoding = 4; lastKnownFileType = sourcecode.swift; path = Hex.swift; sourceTree = "<group>"; };
		73A706CC1B82994F005312BE /* Arvo-Regular.ttf */ = {isa = PBXFileReference; lastKnownFileType = file; path = "Arvo-Regular.ttf"; sourceTree = "<group>"; };
		A73BD4259F04FBBDF1360112 /* Pods.framework */ = {isa = PBXFileReference; explicitFileType = wrapper.framework; includeInIndex = 0; path = Pods.framework; sourceTree = BUILT_PRODUCTS_DIR; };
		C73CB58B5AEE81E778E32441 /* Pods.release.xcconfig */ = {isa = PBXFileReference; includeInIndex = 1; lastKnownFileType = text.xcconfig; name = Pods.release.xcconfig; path = "Pods/Target Support Files/Pods/Pods.release.xcconfig"; sourceTree = "<group>"; };
/* End PBXFileReference section */

/* Begin PBXFrameworksBuildPhase section */
		73A7068B1B82568D005312BE /* Frameworks */ = {
			isa = PBXFrameworksBuildPhase;
			buildActionMask = 2147483647;
			files = (
				73A706B41B825694005312BE /* GameKit.framework in Frameworks */,
				17108328E896730294B7F753 /* Pods.framework in Frameworks */,
			);
			runOnlyForDeploymentPostprocessing = 0;
		};
		73A706A01B82568D005312BE /* Frameworks */ = {
			isa = PBXFrameworksBuildPhase;
			buildActionMask = 2147483647;
			files = (
			);
			runOnlyForDeploymentPostprocessing = 0;
		};
/* End PBXFrameworksBuildPhase section */

/* Begin PBXGroup section */
		73A706851B82568D005312BE = {
			isa = PBXGroup;
			children = (
				73A706901B82568D005312BE /* Hex Deck */,
				73A706A61B82568D005312BE /* Hex DeckTests */,
				73A7068F1B82568D005312BE /* Products */,
				7C82F8B84F01840ADB92CB11 /* Pods */,
				F19D4AEC188BD795E87620B3 /* Frameworks */,
			);
			sourceTree = "<group>";
		};
		73A7068F1B82568D005312BE /* Products */ = {
			isa = PBXGroup;
			children = (
				73A7068E1B82568D005312BE /* Hex Deck.app */,
				73A706A31B82568D005312BE /* Hex DeckTests.xctest */,
			);
			name = Products;
			sourceTree = "<group>";
		};
		73A706901B82568D005312BE /* Hex Deck */ = {
			isa = PBXGroup;
			children = (
				73A706931B82568D005312BE /* AppDelegate.swift */,
				73A706B81B8259CC005312BE /* GameDelegate.swift */,
				73A706951B82568D005312BE /* ViewController.swift */,
				73A706971B82568D005312BE /* Main.storyboard */,
				73A706BF1B827487005312BE /* Global Views */,
				73A706C81B828428005312BE /* Views */,
				73A706BC1B826EAC005312BE /* Models */,
				73A706CB1B829548005312BE /* Categories */,
				73A7069A1B82568D005312BE /* Images.xcassets */,
				73A7069C1B82568D005312BE /* LaunchScreen.xib */,
				73A706CC1B82994F005312BE /* Arvo-Regular.ttf */,
				73A706911B82568D005312BE /* Supporting Files */,
			);
			path = "Hex Deck";
			sourceTree = "<group>";
		};
		73A706911B82568D005312BE /* Supporting Files */ = {
			isa = PBXGroup;
			children = (
				73A706B31B825694005312BE /* GameKit.framework */,
				73A706921B82568D005312BE /* Info.plist */,
			);
			name = "Supporting Files";
			sourceTree = "<group>";
		};
		73A706A61B82568D005312BE /* Hex DeckTests */ = {
			isa = PBXGroup;
			children = (
				73A706A91B82568D005312BE /* Hex_DeckTests.swift */,
				73A706A71B82568D005312BE /* Supporting Files */,
			);
			path = "Hex DeckTests";
			sourceTree = "<group>";
		};
		73A706A71B82568D005312BE /* Supporting Files */ = {
			isa = PBXGroup;
			children = (
				73A706A81B82568D005312BE /* Info.plist */,
			);
			name = "Supporting Files";
			sourceTree = "<group>";
		};
		73A706BC1B826EAC005312BE /* Models */ = {
			isa = PBXGroup;
			children = (
				73A706BA1B826EA9005312BE /* HexGame.swift */,
			);
			name = Models;
			sourceTree = "<group>";
		};
		73A706BF1B827487005312BE /* Global Views */ = {
			isa = PBXGroup;
			children = (
				73A706BD1B827483005312BE /* CardView.swift */,
				73A706C21B82785A005312BE /* CardStackView.swift */,
				73365C1B1B82AAC900ADEF1E /* TapView.swift */,
			);
			name = "Global Views";
			sourceTree = "<group>";
		};
		73A706C81B828428005312BE /* Views */ = {
			isa = PBXGroup;
			children = (
				73A706C61B828425005312BE /* ColorCardView.swift */,
				73A706C41B828346005312BE /* ColorCardView.xib */,
			);
			name = Views;
			sourceTree = "<group>";
		};
		73A706CB1B829548005312BE /* Categories */ = {
			isa = PBXGroup;
			children = (
				73A706C91B829544005312BE /* Hex.swift */,
			);
			name = Categories;
			sourceTree = "<group>";
		};
		7C82F8B84F01840ADB92CB11 /* Pods */ = {
			isa = PBXGroup;
			children = (
				6FBDB886C2058C762E072F29 /* Pods.debug.xcconfig */,
				C73CB58B5AEE81E778E32441 /* Pods.release.xcconfig */,
			);
			name = Pods;
			sourceTree = "<group>";
		};
		F19D4AEC188BD795E87620B3 /* Frameworks */ = {
			isa = PBXGroup;
			children = (
				A73BD4259F04FBBDF1360112 /* Pods.framework */,
			);
			name = Frameworks;
			sourceTree = "<group>";
		};
/* End PBXGroup section */

/* Begin PBXNativeTarget section */
		73A7068D1B82568D005312BE /* Hex Deck */ = {
			isa = PBXNativeTarget;
			buildConfigurationList = 73A706AD1B82568D005312BE /* Build configuration list for PBXNativeTarget "Hex Deck" */;
			buildPhases = (
				CA574937A8255B8D614A0E79 /* Check Pods Manifest.lock */,
				73A7068A1B82568D005312BE /* Sources */,
				73A7068B1B82568D005312BE /* Frameworks */,
				73A7068C1B82568D005312BE /* Resources */,
				CB0FECD33D5375B28A73A9DF /* Embed Pods Frameworks */,
				680B490390C4463A6E78AD62 /* Copy Pods Resources */,
			);
			buildRules = (
			);
			dependencies = (
			);
			name = "Hex Deck";
			productName = "Hex Deck";
			productReference = 73A7068E1B82568D005312BE /* Hex Deck.app */;
			productType = "com.apple.product-type.application";
		};
		73A706A21B82568D005312BE /* Hex DeckTests */ = {
			isa = PBXNativeTarget;
			buildConfigurationList = 73A706B01B82568D005312BE /* Build configuration list for PBXNativeTarget "Hex DeckTests" */;
			buildPhases = (
				73A7069F1B82568D005312BE /* Sources */,
				73A706A01B82568D005312BE /* Frameworks */,
				73A706A11B82568D005312BE /* Resources */,
			);
			buildRules = (
			);
			dependencies = (
				73A706A51B82568D005312BE /* PBXTargetDependency */,
			);
			name = "Hex DeckTests";
			productName = "Hex DeckTests";
			productReference = 73A706A31B82568D005312BE /* Hex DeckTests.xctest */;
			productType = "com.apple.product-type.bundle.unit-test";
		};
/* End PBXNativeTarget section */

/* Begin PBXProject section */
		73A706861B82568D005312BE /* Project object */ = {
			isa = PBXProject;
			attributes = {
				LastUpgradeCheck = 0640;
				ORGANIZATIONNAME = AppCookbook;
				TargetAttributes = {
					73A7068D1B82568D005312BE = {
						CreatedOnToolsVersion = 6.4;
						DevelopmentTeam = D9G4X7TP5Q;
						SystemCapabilities = {
							com.apple.GameCenter = {
								enabled = 1;
							};
						};
					};
					73A706A21B82568D005312BE = {
						CreatedOnToolsVersion = 6.4;
						TestTargetID = 73A7068D1B82568D005312BE;
					};
				};
			};
			buildConfigurationList = 73A706891B82568D005312BE /* Build configuration list for PBXProject "Hex Deck" */;
			compatibilityVersion = "Xcode 3.2";
			developmentRegion = English;
			hasScannedForEncodings = 0;
			knownRegions = (
				en,
				Base,
			);
			mainGroup = 73A706851B82568D005312BE;
			productRefGroup = 73A7068F1B82568D005312BE /* Products */;
			projectDirPath = "";
			projectRoot = "";
			targets = (
				73A7068D1B82568D005312BE /* Hex Deck */,
				73A706A21B82568D005312BE /* Hex DeckTests */,
			);
		};
/* End PBXProject section */

/* Begin PBXResourcesBuildPhase section */
		73A7068C1B82568D005312BE /* Resources */ = {
			isa = PBXResourcesBuildPhase;
			buildActionMask = 2147483647;
			files = (
				73A706991B82568D005312BE /* Main.storyboard in Resources */,
				73A706CD1B82994F005312BE /* Arvo-Regular.ttf in Resources */,
				73A7069E1B82568D005312BE /* LaunchScreen.xib in Resources */,
				73A706C51B828346005312BE /* ColorCardView.xib in Resources */,
				73A7069B1B82568D005312BE /* Images.xcassets in Resources */,
			);
			runOnlyForDeploymentPostprocessing = 0;
		};
		73A706A11B82568D005312BE /* Resources */ = {
			isa = PBXResourcesBuildPhase;
			buildActionMask = 2147483647;
			files = (
			);
			runOnlyForDeploymentPostprocessing = 0;
		};
/* End PBXResourcesBuildPhase section */

/* Begin PBXShellScriptBuildPhase section */
		680B490390C4463A6E78AD62 /* Copy Pods Resources */ = {
			isa = PBXShellScriptBuildPhase;
			buildActionMask = 2147483647;
			files = (
			);
			inputPaths = (
			);
			name = "Copy Pods Resources";
			outputPaths = (
			);
			runOnlyForDeploymentPostprocessing = 0;
			shellPath = /bin/sh;
			shellScript = "\"${SRCROOT}/Pods/Target Support Files/Pods/Pods-resources.sh\"\n";
			showEnvVarsInLog = 0;
		};
		CA574937A8255B8D614A0E79 /* Check Pods Manifest.lock */ = {
			isa = PBXShellScriptBuildPhase;
			buildActionMask = 2147483647;
			files = (
			);
			inputPaths = (
			);
			name = "Check Pods Manifest.lock";
			outputPaths = (
			);
			runOnlyForDeploymentPostprocessing = 0;
			shellPath = /bin/sh;
			shellScript = "diff \"${PODS_ROOT}/../Podfile.lock\" \"${PODS_ROOT}/Manifest.lock\" > /dev/null\nif [[ $? != 0 ]] ; then\n    cat << EOM\nerror: The sandbox is not in sync with the Podfile.lock. Run 'pod install' or update your CocoaPods installation.\nEOM\n    exit 1\nfi\n";
			showEnvVarsInLog = 0;
		};
		CB0FECD33D5375B28A73A9DF /* Embed Pods Frameworks */ = {
			isa = PBXShellScriptBuildPhase;
			buildActionMask = 2147483647;
			files = (
			);
			inputPaths = (
			);
			name = "Embed Pods Frameworks";
			outputPaths = (
			);
			runOnlyForDeploymentPostprocessing = 0;
			shellPath = /bin/sh;
			shellScript = "\"${SRCROOT}/Pods/Target Support Files/Pods/Pods-frameworks.sh\"\n";
			showEnvVarsInLog = 0;
		};
/* End PBXShellScriptBuildPhase section */

/* Begin PBXSourcesBuildPhase section */
		73A7068A1B82568D005312BE /* Sources */ = {
			isa = PBXSourcesBuildPhase;
			buildActionMask = 2147483647;
			files = (
				73A706B91B8259CC005312BE /* GameDelegate.swift in Sources */,
				73A706CA1B829544005312BE /* Hex.swift in Sources */,
				73A706961B82568D005312BE /* ViewController.swift in Sources */,
				73A706941B82568D005312BE /* AppDelegate.swift in Sources */,
				73A706C71B828425005312BE /* ColorCardView.swift in Sources */,
				73A706C31B82785A005312BE /* CardStackView.swift in Sources */,
				73A706BB1B826EA9005312BE /* HexGame.swift in Sources */,
				73A706BE1B827483005312BE /* CardView.swift in Sources */,
				73365C1C1B82AAC900ADEF1E /* TapView.swift in Sources */,
			);
			runOnlyForDeploymentPostprocessing = 0;
		};
		73A7069F1B82568D005312BE /* Sources */ = {
			isa = PBXSourcesBuildPhase;
			buildActionMask = 2147483647;
			files = (
				73A706AA1B82568D005312BE /* Hex_DeckTests.swift in Sources */,
			);
			runOnlyForDeploymentPostprocessing = 0;
		};
/* End PBXSourcesBuildPhase section */

/* Begin PBXTargetDependency section */
		73A706A51B82568D005312BE /* PBXTargetDependency */ = {
			isa = PBXTargetDependency;
			target = 73A7068D1B82568D005312BE /* Hex Deck */;
			targetProxy = 73A706A41B82568D005312BE /* PBXContainerItemProxy */;
		};
/* End PBXTargetDependency section */

/* Begin PBXVariantGroup section */
		73A706971B82568D005312BE /* Main.storyboard */ = {
			isa = PBXVariantGroup;
			children = (
				73A706981B82568D005312BE /* Base */,
			);
			name = Main.storyboard;
			sourceTree = "<group>";
		};
		73A7069C1B82568D005312BE /* LaunchScreen.xib */ = {
			isa = PBXVariantGroup;
			children = (
				73A7069D1B82568D005312BE /* Base */,
			);
			name = LaunchScreen.xib;
			sourceTree = "<group>";
		};
/* End PBXVariantGroup section */

/* Begin XCBuildConfiguration section */
		73A706AB1B82568D005312BE /* Debug */ = {
			isa = XCBuildConfiguration;
			buildSettings = {
				ALWAYS_SEARCH_USER_PATHS = NO;
				CLANG_CXX_LANGUAGE_STANDARD = "gnu++0x";
				CLANG_CXX_LIBRARY = "libc++";
				CLANG_ENABLE_MODULES = YES;
				CLANG_ENABLE_OBJC_ARC = YES;
				CLANG_WARN_BOOL_CONVERSION = YES;
				CLANG_WARN_CONSTANT_CONVERSION = YES;
				CLANG_WARN_DIRECT_OBJC_ISA_USAGE = YES_ERROR;
				CLANG_WARN_EMPTY_BODY = YES;
				CLANG_WARN_ENUM_CONVERSION = YES;
				CLANG_WARN_INT_CONVERSION = YES;
				CLANG_WARN_OBJC_ROOT_CLASS = YES_ERROR;
				CLANG_WARN_UNREACHABLE_CODE = YES;
				CLANG_WARN__DUPLICATE_METHOD_MATCH = YES;
				"CODE_SIGN_IDENTITY[sdk=iphoneos*]" = "iPhone Developer";
				COPY_PHASE_STRIP = NO;
				DEBUG_INFORMATION_FORMAT = "dwarf-with-dsym";
				ENABLE_STRICT_OBJC_MSGSEND = YES;
				GCC_C_LANGUAGE_STANDARD = gnu99;
				GCC_DYNAMIC_NO_PIC = NO;
				GCC_NO_COMMON_BLOCKS = YES;
				GCC_OPTIMIZATION_LEVEL = 0;
				GCC_PREPROCESSOR_DEFINITIONS = (
					"DEBUG=1",
					"$(inherited)",
				);
				GCC_SYMBOLS_PRIVATE_EXTERN = NO;
				GCC_WARN_64_TO_32_BIT_CONVERSION = YES;
				GCC_WARN_ABOUT_RETURN_TYPE = YES_ERROR;
				GCC_WARN_UNDECLARED_SELECTOR = YES;
				GCC_WARN_UNINITIALIZED_AUTOS = YES_AGGRESSIVE;
				GCC_WARN_UNUSED_FUNCTION = YES;
				GCC_WARN_UNUSED_VARIABLE = YES;
				IPHONEOS_DEPLOYMENT_TARGET = 8.4;
				MTL_ENABLE_DEBUG_INFO = YES;
				ONLY_ACTIVE_ARCH = YES;
				SDKROOT = iphoneos;
				SWIFT_OPTIMIZATION_LEVEL = "-Onone";
			};
			name = Debug;
		};
		73A706AC1B82568D005312BE /* Release */ = {
			isa = XCBuildConfiguration;
			buildSettings = {
				ALWAYS_SEARCH_USER_PATHS = NO;
				CLANG_CXX_LANGUAGE_STANDARD = "gnu++0x";
				CLANG_CXX_LIBRARY = "libc++";
				CLANG_ENABLE_MODULES = YES;
				CLANG_ENABLE_OBJC_ARC = YES;
				CLANG_WARN_BOOL_CONVERSION = YES;
				CLANG_WARN_CONSTANT_CONVERSION = YES;
				CLANG_WARN_DIRECT_OBJC_ISA_USAGE = YES_ERROR;
				CLANG_WARN_EMPTY_BODY = YES;
				CLANG_WARN_ENUM_CONVERSION = YES;
				CLANG_WARN_INT_CONVERSION = YES;
				CLANG_WARN_OBJC_ROOT_CLASS = YES_ERROR;
				CLANG_WARN_UNREACHABLE_CODE = YES;
				CLANG_WARN__DUPLICATE_METHOD_MATCH = YES;
				"CODE_SIGN_IDENTITY[sdk=iphoneos*]" = "iPhone Developer";
				COPY_PHASE_STRIP = NO;
				DEBUG_INFORMATION_FORMAT = "dwarf-with-dsym";
				ENABLE_NS_ASSERTIONS = NO;
				ENABLE_STRICT_OBJC_MSGSEND = YES;
				GCC_C_LANGUAGE_STANDARD = gnu99;
				GCC_NO_COMMON_BLOCKS = YES;
				GCC_WARN_64_TO_32_BIT_CONVERSION = YES;
				GCC_WARN_ABOUT_RETURN_TYPE = YES_ERROR;
				GCC_WARN_UNDECLARED_SELECTOR = YES;
				GCC_WARN_UNINITIALIZED_AUTOS = YES_AGGRESSIVE;
				GCC_WARN_UNUSED_FUNCTION = YES;
				GCC_WARN_UNUSED_VARIABLE = YES;
				IPHONEOS_DEPLOYMENT_TARGET = 8.4;
				MTL_ENABLE_DEBUG_INFO = NO;
				SDKROOT = iphoneos;
				VALIDATE_PRODUCT = YES;
			};
			name = Release;
		};
		73A706AE1B82568D005312BE /* Debug */ = {
			isa = XCBuildConfiguration;
			baseConfigurationReference = 6FBDB886C2058C762E072F29 /* Pods.debug.xcconfig */;
			buildSettings = {
				ASSETCATALOG_COMPILER_APPICON_NAME = AppIcon;
				CODE_SIGN_IDENTITY = "iPhone Developer";
				"CODE_SIGN_IDENTITY[sdk=iphoneos*]" = "iPhone Developer";
				INFOPLIST_FILE = "Hex Deck/Info.plist";
				LD_RUNPATH_SEARCH_PATHS = "$(inherited) @executable_path/Frameworks";
				PRODUCT_NAME = "$(TARGET_NAME)";
				PROVISIONING_PROFILE = "";
			};
			name = Debug;
		};
		73A706AF1B82568D005312BE /* Release */ = {
			isa = XCBuildConfiguration;
			baseConfigurationReference = C73CB58B5AEE81E778E32441 /* Pods.release.xcconfig */;
			buildSettings = {
				ASSETCATALOG_COMPILER_APPICON_NAME = AppIcon;
				CODE_SIGN_IDENTITY = "iPhone Developer";
				"CODE_SIGN_IDENTITY[sdk=iphoneos*]" = "iPhone Developer";
				INFOPLIST_FILE = "Hex Deck/Info.plist";
				LD_RUNPATH_SEARCH_PATHS = "$(inherited) @executable_path/Frameworks";
				PRODUCT_NAME = "$(TARGET_NAME)";
				PROVISIONING_PROFILE = "";
			};
			name = Release;
		};
		73A706B11B82568D005312BE /* Debug */ = {
			isa = XCBuildConfiguration;
			buildSettings = {
				BUNDLE_LOADER = "$(TEST_HOST)";
				FRAMEWORK_SEARCH_PATHS = (
					"$(SDKROOT)/Developer/Library/Frameworks",
					"$(inherited)",
				);
				GCC_PREPROCESSOR_DEFINITIONS = (
					"DEBUG=1",
					"$(inherited)",
				);
				INFOPLIST_FILE = "Hex DeckTests/Info.plist";
				LD_RUNPATH_SEARCH_PATHS = "$(inherited) @executable_path/Frameworks @loader_path/Frameworks";
				PRODUCT_NAME = "$(TARGET_NAME)";
				TEST_HOST = "$(BUILT_PRODUCTS_DIR)/Hex Deck.app/Hex Deck";
			};
			name = Debug;
		};
		73A706B21B82568D005312BE /* Release */ = {
			isa = XCBuildConfiguration;
			buildSettings = {
				BUNDLE_LOADER = "$(TEST_HOST)";
				FRAMEWORK_SEARCH_PATHS = (
					"$(SDKROOT)/Developer/Library/Frameworks",
					"$(inherited)",
				);
				INFOPLIST_FILE = "Hex DeckTests/Info.plist";
				LD_RUNPATH_SEARCH_PATHS = "$(inherited) @executable_path/Frameworks @loader_path/Frameworks";
				PRODUCT_NAME = "$(TARGET_NAME)";
				TEST_HOST = "$(BUILT_PRODUCTS_DIR)/Hex Deck.app/Hex Deck";
			};
			name = Release;
		};
/* End XCBuildConfiguration section */

/* Begin XCConfigurationList section */
		73A706891B82568D005312BE /* Build configuration list for PBXProject "Hex Deck" */ = {
			isa = XCConfigurationList;
			buildConfigurations = (
				73A706AB1B82568D005312BE /* Debug */,
				73A706AC1B82568D005312BE /* Release */,
			);
			defaultConfigurationIsVisible = 0;
			defaultConfigurationName = Release;
		};
		73A706AD1B82568D005312BE /* Build configuration list for PBXNativeTarget "Hex Deck" */ = {
			isa = XCConfigurationList;
			buildConfigurations = (
				73A706AE1B82568D005312BE /* Debug */,
				73A706AF1B82568D005312BE /* Release */,
			);
			defaultConfigurationIsVisible = 0;
			defaultConfigurationName = Release;
		};
		73A706B01B82568D005312BE /* Build configuration list for PBXNativeTarget "Hex DeckTests" */ = {
			isa = XCConfigurationList;
			buildConfigurations = (
				73A706B11B82568D005312BE /* Debug */,
				73A706B21B82568D005312BE /* Release */,
			);
			defaultConfigurationIsVisible = 0;
			defaultConfigurationName = Release;
		};
/* End XCConfigurationList section */
	};
	rootObject = 73A706861B82568D005312BE /* Project object */;
}
